
Microsoft Visual Studio Solution File, Format Version 12.00
# Visual Studio Version 17
VisualStudioVersion = 17.13.35806.99 d17.13
MinimumVisualStudioVersion = 10.0.40219.1
Project("{FAE04EC0-301F-11D3-BF4B-00C04F79EFBC}") = "MusicPlayer", "MusicPlayer.csproj", "{2382B1F3-BC6E-480D-9F0D-EB430F8B5508}"
EndProject
Global
	GlobalSection(SolutionConfigurationPlatforms) = preSolution
		Debug|Any CPU = Debug|Any CPU
		Release|Any CPU = Release|Any CPU
	EndGlobalSection
	GlobalSection(ProjectConfigurationPlatforms) = postSolution
		{2382B1F3-BC6E-480D-9F0D-EB430F8B5508}.Debug|Any CPU.ActiveCfg = Debug|Any CPU
		{2382B1F3-BC6E-480D-9F0D-EB430F8B5508}.Debug|Any CPU.Build.0 = Debug|Any CPU
		{2382B1F3-BC6E-480D-9F0D-EB430F8B5508}.Release|Any CPU.ActiveCfg = Release|Any CPU
		{2382B1F3-BC6E-480D-9F0D-EB430F8B5508}.Release|Any CPU.Build.0 = Release|Any CPU
	EndGlobalSection
	GlobalSection(SolutionProperties) = preSolution
		HideSolutionNode = FALSE
	EndGlobalSection
	GlobalSection(ExtensibilityGlobals) = postSolution
		SolutionGuid = {F8397E95-F8E4-47E7-A0CB-604E4B7FA8E7}
	EndGlobalSection
EndGlobal
